// !$*UTF8*$!
{
	archiveVersion = 1;
	classes = {
	};
	objectVersion = 54;
	objects = {

/* Begin PBXBuildFile section */
		00E356F31AD99517003FC87E /* Brewhub_appTests.m in Sources */ = {isa = PBXBuildFile; fileRef = 00E356F21AD99517003FC87E /* Brewhub_appTests.m */; };
		0C80B921A6F3F58F76C31292 /* libPods-Brewhub_app.a in Frameworks */ = {isa = PBXBuildFile; fileRef = 5DCACB8F33CDC322A6C60F78 /* libPods-Brewhub_app.a */; };
		13B07FBC1A68108700A75B9A /* AppDelegate.mm in Sources */ = {isa = PBXBuildFile; fileRef = 13B07FB01A68108700A75B9A /* AppDelegate.mm */; };
		13B07FBF1A68108700A75B9A /* Images.xcassets in Resources */ = {isa = PBXBuildFile; fileRef = 13B07FB51A68108700A75B9A /* Images.xcassets */; };
		13B07FC11A68108700A75B9A /* main.m in Sources */ = {isa = PBXBuildFile; fileRef = 13B07FB71A68108700A75B9A /* main.m */; };
		7699B88040F8A987B510C191 /* libPods-Brewhub_app-Brewhub_appTests.a in Frameworks */ = {isa = PBXBuildFile; fileRef = 19F6CBCC0A4E27FBF8BF4A61 /* libPods-Brewhub_app-Brewhub_appTests.a */; };
		81AB9BB82411601600AC10FF /* LaunchScreen.storyboard in Resources */ = {isa = PBXBuildFile; fileRef = 81AB9BB72411601600AC10FF /* LaunchScreen.storyboard */; };
		1267F7A3BD314D2BA237A59B /* app_icons.ttf in Resources */ = {isa = PBXBuildFile; fileRef = 5BE542A778064CA2940DC2A4 /* app_icons.ttf */; };
		1709042508574B83A532DAA7 /* Poppins-Black.ttf in Resources */ = {isa = PBXBuildFile; fileRef = 33E2163193BC4AA4A2877095 /* Poppins-Black.ttf */; };
		87C6170DE61B46BCA077EDB9 /* Poppins-Bold.ttf in Resources */ = {isa = PBXBuildFile; fileRef = F384D61554CA4E22A11CD90C /* Poppins-Bold.ttf */; };
		4859F3C873DF427B9C3372B7 /* Poppins-ExtraBold.ttf in Resources */ = {isa = PBXBuildFile; fileRef = 1575E6C1A8C5479A8E129D93 /* Poppins-ExtraBold.ttf */; };
		7FBD399150284BF686C56B09 /* Poppins-ExtraLight.ttf in Resources */ = {isa = PBXBuildFile; fileRef = 04F2E9F58A8B4FBCA4333090 /* Poppins-ExtraLight.ttf */; };
		43A0623F449E4E60AC1A5048 /* Poppins-Light.ttf in Resources */ = {isa = PBXBuildFile; fileRef = 3728712ECC5E402481419B84 /* Poppins-Light.ttf */; };
		47A6499FC3D34CE5BEFB0B8C /* Poppins-Medium.ttf in Resources */ = {isa = PBXBuildFile; fileRef = 4768022B8A03425590803638 /* Poppins-Medium.ttf */; };
		FC30F653E67A43508C9C2353 /* Poppins-Regular.ttf in Resources */ = {isa = PBXBuildFile; fileRef = 7CC1FFAA3B5941C08F6EC2AC /* Poppins-Regular.ttf */; };
		CD6B5713A09349909E9A7ED3 /* Poppins-SemiBold.ttf in Resources */ = {isa = PBXBuildFile; fileRef = 6096E39BA5024BAFAC851287 /* Poppins-SemiBold.ttf */; };
		EA31AEBB91274B2D97BCE18F /* Poppins-Thin.ttf in Resources */ = {isa = PBXBuildFile; fileRef = B50C9D94899944B0AC4385BD /* Poppins-Thin.ttf */; };
		8B9EC4BB355540ACA4BC2551 /* amazonpay.png in Resources */ = {isa = PBXBuildFile; fileRef = E8394E4034984464B8614CA3 /* amazonpay.png */; };
		2AA9550017244D1683237B13 /* applepay.png in Resources */ = {isa = PBXBuildFile; fileRef = 63DA9A531C5849EFADC0437A /* applepay.png */; };
		7B1FF60CE5364ABCB91BCA82 /* avatar.png in Resources */ = {isa = PBXBuildFile; fileRef = 6160E00C85D04BBDB825D1C1 /* avatar.png */; };
		B44EBCEBD797442F820C9967 /* gpay.png in Resources */ = {isa = PBXBuildFile; fileRef = 4945E5F30A33408D8980FD31 /* gpay.png */; };
		78AEBABA0B3740BA9DE47EEA /* americano_pic_1_portrait.png in Resources */ = {isa = PBXBuildFile; fileRef = 93B8DD6E75C049F8A86AFEEB /* americano_pic_1_portrait.png */; };
		88F97EDEA54B4F669B1052B4 /* americano_pic_2_portrait.png in Resources */ = {isa = PBXBuildFile; fileRef = A6FE08CB7C274786BE1BA93A /* americano_pic_2_portrait.png */; };
		89DBEE0BF11447CDADBFF350 /* americano_pic_3_portrait.png in Resources */ = {isa = PBXBuildFile; fileRef = 4123ADA2C089416A9196BCE9 /* americano_pic_3_portrait.png */; };
		1A0EA8F643E24AE28BDFAC18 /* americano_pic_1_square.png in Resources */ = {isa = PBXBuildFile; fileRef = E40720EAAD6446A383648628 /* americano_pic_1_square.png */; };
		8DFEA0789C1943CA9A808405 /* americano_pic_2_square.png in Resources */ = {isa = PBXBuildFile; fileRef = 4DF8DCA34195436E80CC955D /* americano_pic_2_square.png */; };
		02AC1664A7DF46F79D6913B5 /* americano_pic_3_square.png in Resources */ = {isa = PBXBuildFile; fileRef = BB3738C4E99E4319A7131214 /* americano_pic_3_square.png */; };
		1FC68538C98D4196B5912637 /* arabica_coffee_beans_portrait.png in Resources */ = {isa = PBXBuildFile; fileRef = 000CEEE6CDA6442D898621A9 /* arabica_coffee_beans_portrait.png */; };
		F5427E05F8924ED0AAABB2F4 /* arabica_coffee_beans_square.png in Resources */ = {isa = PBXBuildFile; fileRef = 929FEB6829664418BB0C1769 /* arabica_coffee_beans_square.png */; };
		18F92357E7654A33808BAA2E /* black_coffee_pic_1_portrait.png in Resources */ = {isa = PBXBuildFile; fileRef = D08DDDDC0EAC4238A54F58A5 /* black_coffee_pic_1_portrait.png */; };
		D8B22452E2A54BACAD8A9CA9 /* black_coffee_pic_2_portrait.png in Resources */ = {isa = PBXBuildFile; fileRef = CAA1E0C4437D47B7A37EF637 /* black_coffee_pic_2_portrait.png */; };
		29E8B9B1A7594395A3E6E302 /* black_coffee_pic_3_portrait.png in Resources */ = {isa = PBXBuildFile; fileRef = 371BDFB43CF24A4AA5AF7231 /* black_coffee_pic_3_portrait.png */; };
		CABD333F5CAC4D0093E313A7 /* black_coffee_pic_1_square.png in Resources */ = {isa = PBXBuildFile; fileRef = 60FA21EBF8974B80910DA33E /* black_coffee_pic_1_square.png */; };
		3414B9CA5F2042409EC643CC /* black_coffee_pic_2_square.png in Resources */ = {isa = PBXBuildFile; fileRef = 48853A17DABB40039D71BB15 /* black_coffee_pic_2_square.png */; };
		68AD216FBE8D49C3B136EC72 /* black_coffee_pic_3_square.png in Resources */ = {isa = PBXBuildFile; fileRef = B146B3F84427444DBA4D70A6 /* black_coffee_pic_3_square.png */; };
		2D93C2AE6CA74A58BE719A57 /* cappuccino_pic_1_portrait.png in Resources */ = {isa = PBXBuildFile; fileRef = E0155F59BD5C4C798290282B /* cappuccino_pic_1_portrait.png */; };
		4BBD2775D757455FBB6A4291 /* cappuccino_pic_2_portrait.png in Resources */ = {isa = PBXBuildFile; fileRef = 293D6E86FD634ADBB1A4CF97 /* cappuccino_pic_2_portrait.png */; };
		CF6637BC037A42758C369193 /* cappuccino_pic_3_portrait.png in Resources */ = {isa = PBXBuildFile; fileRef = 49A7F511598647D0A592E34A /* cappuccino_pic_3_portrait.png */; };
		EE07E40272A745CE9E46F724 /* cappuccino_pic_1_square.png in Resources */ = {isa = PBXBuildFile; fileRef = D52A4EBDBA6141918AB3E162 /* cappuccino_pic_1_square.png */; };
		0450B3775D904E058318C909 /* cappuccino_pic_2_square.png in Resources */ = {isa = PBXBuildFile; fileRef = E35FAAE7D04141C1AAF0BADE /* cappuccino_pic_2_square.png */; };
		E27F2C2FAFBD4AAABCE3C3CA /* cappuccino_pic_3_square.png in Resources */ = {isa = PBXBuildFile; fileRef = 17EB6ED2E46C432D857D9AAA /* cappuccino_pic_3_square.png */; };
		B25F4F39CEBD46EC9B863264 /* espresso_pic_1_portrait.png in Resources */ = {isa = PBXBuildFile; fileRef = 28243FBC6DB44BAA9E4D68E4 /* espresso_pic_1_portrait.png */; };
		E069382F1EF14D41B136551D /* espresso_pic_2_portrait.png in Resources */ = {isa = PBXBuildFile; fileRef = F6E12F53D7754036AEA9CAEF /* espresso_pic_2_portrait.png */; };
		993BB539E117475DB509FFB0 /* espresso_pic_3_portrait.png in Resources */ = {isa = PBXBuildFile; fileRef = E58AFF37B09E4ADFBAF8C350 /* espresso_pic_3_portrait.png */; };
		966C41DF544849CABC69D125 /* espresso_pic_1_square.png in Resources */ = {isa = PBXBuildFile; fileRef = 7B7500BF7F0C4A6794BC683C /* espresso_pic_1_square.png */; };
		CAD2245FC7844F5E9A063763 /* espresso_pic_2_square.png in Resources */ = {isa = PBXBuildFile; fileRef = 7DF26458611B4BFF80E2CE49 /* espresso_pic_2_square.png */; };
		37694024909940DDA3747E1F /* espresso_pic_3_square.png in Resources */ = {isa = PBXBuildFile; fileRef = 0D2E128A521A42A2A1718FF9 /* espresso_pic_3_square.png */; };
		5D0FA74158004134AB632954 /* excelsa_coffee_beans_portrait.png in Resources */ = {isa = PBXBuildFile; fileRef = A4EC4158682F41C588A4F7E6 /* excelsa_coffee_beans_portrait.png */; };
		E8DBAC52860E4AA291F4738E /* excelsa_coffee_beans_square.png in Resources */ = {isa = PBXBuildFile; fileRef = 87A075C4EF4F40618AC064EA /* excelsa_coffee_beans_square.png */; };
		856C3D9713234BC386BE5A3D /* latte_pic_1_portrait.png in Resources */ = {isa = PBXBuildFile; fileRef = D7EFC391278344E7B255B8F7 /* latte_pic_1_portrait.png */; };
		DCEDB2ACC07E4D6B95762069 /* latte_pic_2_portrait.png in Resources */ = {isa = PBXBuildFile; fileRef = E4A5AA38989E4DEB8CAFDAD1 /* latte_pic_2_portrait.png */; };
		B40FCBB556FE4A86A5BD88ED /* latte_pic_3_portrait.png in Resources */ = {isa = PBXBuildFile; fileRef = 6A4917623FC8448A96377844 /* latte_pic_3_portrait.png */; };
		C5386759DA4D435FA29C20C7 /* latte_pic_1_square.png in Resources */ = {isa = PBXBuildFile; fileRef = 528ABA7D85AE45A1A130F98E /* latte_pic_1_square.png */; };
		103806B7684F40D3B90533C0 /* latte_pic_2_square.png in Resources */ = {isa = PBXBuildFile; fileRef = 7FD2159F24384571BAE95484 /* latte_pic_2_square.png */; };
		4305FB288E124CC6BE837E0B /* latte_pic_3_square.png in Resources */ = {isa = PBXBuildFile; fileRef = 4FF295451D434E0AAFF1FD94 /* latte_pic_3_square.png */; };
		5F4CC614DC9E48AAB8948D44 /* liberica_coffee_beans_portrait.png in Resources */ = {isa = PBXBuildFile; fileRef = 23E76D61451D490685BCF9CF /* liberica_coffee_beans_portrait.png */; };
		90C5386883D44D33904DEB6E /* liberica_coffee_beans_square.png in Resources */ = {isa = PBXBuildFile; fileRef = BDA5E66FBD454EF4A66F0757 /* liberica_coffee_beans_square.png */; };
		9DD9798413C641509A118D5B /* macchiato_pic_1_portrait.png in Resources */ = {isa = PBXBuildFile; fileRef = CB254F5D94D244508B7AF61D /* macchiato_pic_1_portrait.png */; };
		F511735FB49347688E740F1E /* macchiato_pic_2_portrait.png in Resources */ = {isa = PBXBuildFile; fileRef = A35F65DD75B44327BEC65586 /* macchiato_pic_2_portrait.png */; };
		AA524AB86CAF4A5887A8D941 /* macchiato_pic_3_portrait.png in Resources */ = {isa = PBXBuildFile; fileRef = DE763144B4A74260BD7080DB /* macchiato_pic_3_portrait.png */; };
		2C829583010C45CD9469923A /* macchiato_pic_1_square.png in Resources */ = {isa = PBXBuildFile; fileRef = CC1BF6DD55724679B50C6FED /* macchiato_pic_1_square.png */; };
		6A49FF03A30D439FB9FA0A03 /* macchiato_pic_2_square.png in Resources */ = {isa = PBXBuildFile; fileRef = 28F56A82B6B14D2AAE0F4DBD /* macchiato_pic_2_square.png */; };
		06A995E35EC34D63B0232945 /* macchiato_pic_3_square.png in Resources */ = {isa = PBXBuildFile; fileRef = 515C4E6189204BB6912D69F3 /* macchiato_pic_3_square.png */; };
		AAD4AA47FD4F41388EB370A8 /* robusta_coffee_beans_portrait.png in Resources */ = {isa = PBXBuildFile; fileRef = 886C83BF38664CEAB2C24D20 /* robusta_coffee_beans_portrait.png */; };
		F484C85200CA4B6B9BD17101 /* robusta_coffee_beans_square.png in Resources */ = {isa = PBXBuildFile; fileRef = 95117F070583464890FFA7DC /* robusta_coffee_beans_square.png */; };
/* End PBXBuildFile section */

/* Begin PBXContainerItemProxy section */
		00E356F41AD99517003FC87E /* PBXContainerItemProxy */ = {
			isa = PBXContainerItemProxy;
			containerPortal = 83CBB9F71A601CBA00E9B192 /* Project object */;
			proxyType = 1;
			remoteGlobalIDString = 13B07F861A680F5B00A75B9A;
			remoteInfo = Brewhub_app;
		};
/* End PBXContainerItemProxy section */

/* Begin PBXFileReference section */
		00E356EE1AD99517003FC87E /* Brewhub_appTests.xctest */ = {isa = PBXFileReference; explicitFileType = wrapper.cfbundle; includeInIndex = 0; path = Brewhub_appTests.xctest; sourceTree = BUILT_PRODUCTS_DIR; };
		00E356F11AD99517003FC87E /* Info.plist */ = {isa = PBXFileReference; lastKnownFileType = text.plist.xml; path = Info.plist; sourceTree = "<group>"; };
		00E356F21AD99517003FC87E /* Brewhub_appTests.m */ = {isa = PBXFileReference; lastKnownFileType = sourcecode.c.objc; path = Brewhub_appTests.m; sourceTree = "<group>"; };
		13B07F961A680F5B00A75B9A /* Brewhub_app.app */ = {isa = PBXFileReference; explicitFileType = wrapper.application; includeInIndex = 0; path = Brewhub_app.app; sourceTree = BUILT_PRODUCTS_DIR; };
		13B07FAF1A68108700A75B9A /* AppDelegate.h */ = {isa = PBXFileReference; fileEncoding = 4; lastKnownFileType = sourcecode.c.h; name = AppDelegate.h; path = Brewhub_app/AppDelegate.h; sourceTree = "<group>"; };
		13B07FB01A68108700A75B9A /* AppDelegate.mm */ = {isa = PBXFileReference; fileEncoding = 4; lastKnownFileType = sourcecode.cpp.objcpp; name = AppDelegate.mm; path = Brewhub_app/AppDelegate.mm; sourceTree = "<group>"; };
		13B07FB51A68108700A75B9A /* Images.xcassets */ = {isa = PBXFileReference; lastKnownFileType = folder.assetcatalog; name = Images.xcassets; path = Brewhub_app/Images.xcassets; sourceTree = "<group>"; };
		13B07FB61A68108700A75B9A /* Info.plist */ = {isa = PBXFileReference; fileEncoding = 4; lastKnownFileType = text.plist.xml; name = Info.plist; path = Brewhub_app/Info.plist; sourceTree = "<group>"; };
		13B07FB71A68108700A75B9A /* main.m */ = {isa = PBXFileReference; fileEncoding = 4; lastKnownFileType = sourcecode.c.objc; name = main.m; path = Brewhub_app/main.m; sourceTree = "<group>"; };
		19F6CBCC0A4E27FBF8BF4A61 /* libPods-Brewhub_app-Brewhub_appTests.a */ = {isa = PBXFileReference; explicitFileType = archive.ar; includeInIndex = 0; path = "libPods-Brewhub_app-Brewhub_appTests.a"; sourceTree = BUILT_PRODUCTS_DIR; };
		3B4392A12AC88292D35C810B /* Pods-Brewhub_app.debug.xcconfig */ = {isa = PBXFileReference; includeInIndex = 1; lastKnownFileType = text.xcconfig; name = "Pods-Brewhub_app.debug.xcconfig"; path = "Target Support Files/Pods-Brewhub_app/Pods-Brewhub_app.debug.xcconfig"; sourceTree = "<group>"; };
		5709B34CF0A7D63546082F79 /* Pods-Brewhub_app.release.xcconfig */ = {isa = PBXFileReference; includeInIndex = 1; lastKnownFileType = text.xcconfig; name = "Pods-Brewhub_app.release.xcconfig"; path = "Target Support Files/Pods-Brewhub_app/Pods-Brewhub_app.release.xcconfig"; sourceTree = "<group>"; };
		5B7EB9410499542E8C5724F5 /* Pods-Brewhub_app-Brewhub_appTests.debug.xcconfig */ = {isa = PBXFileReference; includeInIndex = 1; lastKnownFileType = text.xcconfig; name = "Pods-Brewhub_app-Brewhub_appTests.debug.xcconfig"; path = "Target Support Files/Pods-Brewhub_app-Brewhub_appTests/Pods-Brewhub_app-Brewhub_appTests.debug.xcconfig"; sourceTree = "<group>"; };
		5DCACB8F33CDC322A6C60F78 /* libPods-Brewhub_app.a */ = {isa = PBXFileReference; explicitFileType = archive.ar; includeInIndex = 0; path = "libPods-Brewhub_app.a"; sourceTree = BUILT_PRODUCTS_DIR; };
		81AB9BB72411601600AC10FF /* LaunchScreen.storyboard */ = {isa = PBXFileReference; fileEncoding = 4; lastKnownFileType = file.storyboard; name = LaunchScreen.storyboard; path = Brewhub_app/LaunchScreen.storyboard; sourceTree = "<group>"; };
		89C6BE57DB24E9ADA2F236DE /* Pods-Brewhub_app-Brewhub_appTests.release.xcconfig */ = {isa = PBXFileReference; includeInIndex = 1; lastKnownFileType = text.xcconfig; name = "Pods-Brewhub_app-Brewhub_appTests.release.xcconfig"; path = "Target Support Files/Pods-Brewhub_app-Brewhub_appTests/Pods-Brewhub_app-Brewhub_appTests.release.xcconfig"; sourceTree = "<group>"; };
		ED297162215061F000B7C4FE /* JavaScriptCore.framework */ = {isa = PBXFileReference; lastKnownFileType = wrapper.framework; name = JavaScriptCore.framework; path = System/Library/Frameworks/JavaScriptCore.framework; sourceTree = SDKROOT; };
		5BE542A778064CA2940DC2A4 /* app_icons.ttf */ = {isa = PBXFileReference; name = "app_icons.ttf"; path = "../src/assets/fonts/app_icons.ttf"; sourceTree = "<group>"; fileEncoding = undefined; lastKnownFileType = unknown; explicitFileType = undefined; includeInIndex = 0; };
		33E2163193BC4AA4A2877095 /* Poppins-Black.ttf */ = {isa = PBXFileReference; name = "Poppins-Black.ttf"; path = "../src/assets/fonts/Poppins-Black.ttf"; sourceTree = "<group>"; fileEncoding = undefined; lastKnownFileType = unknown; explicitFileType = undefined; includeInIndex = 0; };
		F384D61554CA4E22A11CD90C /* Poppins-Bold.ttf */ = {isa = PBXFileReference; name = "Poppins-Bold.ttf"; path = "../src/assets/fonts/Poppins-Bold.ttf"; sourceTree = "<group>"; fileEncoding = undefined; lastKnownFileType = unknown; explicitFileType = undefined; includeInIndex = 0; };
		1575E6C1A8C5479A8E129D93 /* Poppins-ExtraBold.ttf */ = {isa = PBXFileReference; name = "Poppins-ExtraBold.ttf"; path = "../src/assets/fonts/Poppins-ExtraBold.ttf"; sourceTree = "<group>"; fileEncoding = undefined; lastKnownFileType = unknown; explicitFileType = undefined; includeInIndex = 0; };
		04F2E9F58A8B4FBCA4333090 /* Poppins-ExtraLight.ttf */ = {isa = PBXFileReference; name = "Poppins-ExtraLight.ttf"; path = "../src/assets/fonts/Poppins-ExtraLight.ttf"; sourceTree = "<group>"; fileEncoding = undefined; lastKnownFileType = unknown; explicitFileType = undefined; includeInIndex = 0; };
		3728712ECC5E402481419B84 /* Poppins-Light.ttf */ = {isa = PBXFileReference; name = "Poppins-Light.ttf"; path = "../src/assets/fonts/Poppins-Light.ttf"; sourceTree = "<group>"; fileEncoding = undefined; lastKnownFileType = unknown; explicitFileType = undefined; includeInIndex = 0; };
		4768022B8A03425590803638 /* Poppins-Medium.ttf */ = {isa = PBXFileReference; name = "Poppins-Medium.ttf"; path = "../src/assets/fonts/Poppins-Medium.ttf"; sourceTree = "<group>"; fileEncoding = undefined; lastKnownFileType = unknown; explicitFileType = undefined; includeInIndex = 0; };
		7CC1FFAA3B5941C08F6EC2AC /* Poppins-Regular.ttf */ = {isa = PBXFileReference; name = "Poppins-Regular.ttf"; path = "../src/assets/fonts/Poppins-Regular.ttf"; sourceTree = "<group>"; fileEncoding = undefined; lastKnownFileType = unknown; explicitFileType = undefined; includeInIndex = 0; };
		6096E39BA5024BAFAC851287 /* Poppins-SemiBold.ttf */ = {isa = PBXFileReference; name = "Poppins-SemiBold.ttf"; path = "../src/assets/fonts/Poppins-SemiBold.ttf"; sourceTree = "<group>"; fileEncoding = undefined; lastKnownFileType = unknown; explicitFileType = undefined; includeInIndex = 0; };
		B50C9D94899944B0AC4385BD /* Poppins-Thin.ttf */ = {isa = PBXFileReference; name = "Poppins-Thin.ttf"; path = "../src/assets/fonts/Poppins-Thin.ttf"; sourceTree = "<group>"; fileEncoding = undefined; lastKnownFileType = unknown; explicitFileType = undefined; includeInIndex = 0; };
		E8394E4034984464B8614CA3 /* amazonpay.png */ = {isa = PBXFileReference; name = "amazonpay.png"; path = "../src/assets/app_images/amazonpay.png"; sourceTree = "<group>"; fileEncoding = undefined; lastKnownFileType = unknown; explicitFileType = undefined; includeInIndex = 0; };
		63DA9A531C5849EFADC0437A /* applepay.png */ = {isa = PBXFileReference; name = "applepay.png"; path = "../src/assets/app_images/applepay.png"; sourceTree = "<group>"; fileEncoding = undefined; lastKnownFileType = unknown; explicitFileType = undefined; includeInIndex = 0; };
		6160E00C85D04BBDB825D1C1 /* avatar.png */ = {isa = PBXFileReference; name = "avatar.png"; path = "../src/assets/app_images/avatar.png"; sourceTree = "<group>"; fileEncoding = undefined; lastKnownFileType = unknown; explicitFileType = undefined; includeInIndex = 0; };
		4945E5F30A33408D8980FD31 /* gpay.png */ = {isa = PBXFileReference; name = "gpay.png"; path = "../src/assets/app_images/gpay.png"; sourceTree = "<group>"; fileEncoding = undefined; lastKnownFileType = unknown; explicitFileType = undefined; includeInIndex = 0; };
		93B8DD6E75C049F8A86AFEEB /* americano_pic_1_portrait.png */ = {isa = PBXFileReference; name = "americano_pic_1_portrait.png"; path = "../src/assets/coffee_assets/americano/portrait/americano_pic_1_portrait.png"; sourceTree = "<group>"; fileEncoding = undefined; lastKnownFileType = unknown; explicitFileType = undefined; includeInIndex = 0; };
		A6FE08CB7C274786BE1BA93A /* americano_pic_2_portrait.png */ = {isa = PBXFileReference; name = "americano_pic_2_portrait.png"; path = "../src/assets/coffee_assets/americano/portrait/americano_pic_2_portrait.png"; sourceTree = "<group>"; fileEncoding = undefined; lastKnownFileType = unknown; explicitFileType = undefined; includeInIndex = 0; };
		4123ADA2C089416A9196BCE9 /* americano_pic_3_portrait.png */ = {isa = PBXFileReference; name = "americano_pic_3_portrait.png"; path = "../src/assets/coffee_assets/americano/portrait/americano_pic_3_portrait.png"; sourceTree = "<group>"; fileEncoding = undefined; lastKnownFileType = unknown; explicitFileType = undefined; includeInIndex = 0; };
		E40720EAAD6446A383648628 /* americano_pic_1_square.png */ = {isa = PBXFileReference; name = "americano_pic_1_square.png"; path = "../src/assets/coffee_assets/americano/square/americano_pic_1_square.png"; sourceTree = "<group>"; fileEncoding = undefined; lastKnownFileType = unknown; explicitFileType = undefined; includeInIndex = 0; };
		4DF8DCA34195436E80CC955D /* americano_pic_2_square.png */ = {isa = PBXFileReference; name = "americano_pic_2_square.png"; path = "../src/assets/coffee_assets/americano/square/americano_pic_2_square.png"; sourceTree = "<group>"; fileEncoding = undefined; lastKnownFileType = unknown; explicitFileType = undefined; includeInIndex = 0; };
		BB3738C4E99E4319A7131214 /* americano_pic_3_square.png */ = {isa = PBXFileReference; name = "americano_pic_3_square.png"; path = "../src/assets/coffee_assets/americano/square/americano_pic_3_square.png"; sourceTree = "<group>"; fileEncoding = undefined; lastKnownFileType = unknown; explicitFileType = undefined; includeInIndex = 0; };
		000CEEE6CDA6442D898621A9 /* arabica_coffee_beans_portrait.png */ = {isa = PBXFileReference; name = "arabica_coffee_beans_portrait.png"; path = "../src/assets/coffee_assets/arabica_coffee_beans/arabica_coffee_beans_portrait.png"; sourceTree = "<group>"; fileEncoding = undefined; lastKnownFileType = unknown; explicitFileType = undefined; includeInIndex = 0; };
		929FEB6829664418BB0C1769 /* arabica_coffee_beans_square.png */ = {isa = PBXFileReference; name = "arabica_coffee_beans_square.png"; path = "../src/assets/coffee_assets/arabica_coffee_beans/arabica_coffee_beans_square.png"; sourceTree = "<group>"; fileEncoding = undefined; lastKnownFileType = unknown; explicitFileType = undefined; includeInIndex = 0; };
		D08DDDDC0EAC4238A54F58A5 /* black_coffee_pic_1_portrait.png */ = {isa = PBXFileReference; name = "black_coffee_pic_1_portrait.png"; path = "../src/assets/coffee_assets/black_coffee/portrait/black_coffee_pic_1_portrait.png"; sourceTree = "<group>"; fileEncoding = undefined; lastKnownFileType = unknown; explicitFileType = undefined; includeInIndex = 0; };
		CAA1E0C4437D47B7A37EF637 /* black_coffee_pic_2_portrait.png */ = {isa = PBXFileReference; name = "black_coffee_pic_2_portrait.png"; path = "../src/assets/coffee_assets/black_coffee/portrait/black_coffee_pic_2_portrait.png"; sourceTree = "<group>"; fileEncoding = undefined; lastKnownFileType = unknown; explicitFileType = undefined; includeInIndex = 0; };
		371BDFB43CF24A4AA5AF7231 /* black_coffee_pic_3_portrait.png */ = {isa = PBXFileReference; name = "black_coffee_pic_3_portrait.png"; path = "../src/assets/coffee_assets/black_coffee/portrait/black_coffee_pic_3_portrait.png"; sourceTree = "<group>"; fileEncoding = undefined; lastKnownFileType = unknown; explicitFileType = undefined; includeInIndex = 0; };
		60FA21EBF8974B80910DA33E /* black_coffee_pic_1_square.png */ = {isa = PBXFileReference; name = "black_coffee_pic_1_square.png"; path = "../src/assets/coffee_assets/black_coffee/square/black_coffee_pic_1_square.png"; sourceTree = "<group>"; fileEncoding = undefined; lastKnownFileType = unknown; explicitFileType = undefined; includeInIndex = 0; };
		48853A17DABB40039D71BB15 /* black_coffee_pic_2_square.png */ = {isa = PBXFileReference; name = "black_coffee_pic_2_square.png"; path = "../src/assets/coffee_assets/black_coffee/square/black_coffee_pic_2_square.png"; sourceTree = "<group>"; fileEncoding = undefined; lastKnownFileType = unknown; explicitFileType = undefined; includeInIndex = 0; };
		B146B3F84427444DBA4D70A6 /* black_coffee_pic_3_square.png */ = {isa = PBXFileReference; name = "black_coffee_pic_3_square.png"; path = "../src/assets/coffee_assets/black_coffee/square/black_coffee_pic_3_square.png"; sourceTree = "<group>"; fileEncoding = undefined; lastKnownFileType = unknown; explicitFileType = undefined; includeInIndex = 0; };
		E0155F59BD5C4C798290282B /* cappuccino_pic_1_portrait.png */ = {isa = PBXFileReference; name = "cappuccino_pic_1_portrait.png"; path = "../src/assets/coffee_assets/cappuccino/portrait/cappuccino_pic_1_portrait.png"; sourceTree = "<group>"; fileEncoding = undefined; lastKnownFileType = unknown; explicitFileType = undefined; includeInIndex = 0; };
		293D6E86FD634ADBB1A4CF97 /* cappuccino_pic_2_portrait.png */ = {isa = PBXFileReference; name = "cappuccino_pic_2_portrait.png"; path = "../src/assets/coffee_assets/cappuccino/portrait/cappuccino_pic_2_portrait.png"; sourceTree = "<group>"; fileEncoding = undefined; lastKnownFileType = unknown; explicitFileType = undefined; includeInIndex = 0; };
		49A7F511598647D0A592E34A /* cappuccino_pic_3_portrait.png */ = {isa = PBXFileReference; name = "cappuccino_pic_3_portrait.png"; path = "../src/assets/coffee_assets/cappuccino/portrait/cappuccino_pic_3_portrait.png"; sourceTree = "<group>"; fileEncoding = undefined; lastKnownFileType = unknown; explicitFileType = undefined; includeInIndex = 0; };
		D52A4EBDBA6141918AB3E162 /* cappuccino_pic_1_square.png */ = {isa = PBXFileReference; name = "cappuccino_pic_1_square.png"; path = "../src/assets/coffee_assets/cappuccino/square/cappuccino_pic_1_square.png"; sourceTree = "<group>"; fileEncoding = undefined; lastKnownFileType = unknown; explicitFileType = undefined; includeInIndex = 0; };
		E35FAAE7D04141C1AAF0BADE /* cappuccino_pic_2_square.png */ = {isa = PBXFileReference; name = "cappuccino_pic_2_square.png"; path = "../src/assets/coffee_assets/cappuccino/square/cappuccino_pic_2_square.png"; sourceTree = "<group>"; fileEncoding = undefined; lastKnownFileType = unknown; explicitFileType = undefined; includeInIndex = 0; };
		17EB6ED2E46C432D857D9AAA /* cappuccino_pic_3_square.png */ = {isa = PBXFileReference; name = "cappuccino_pic_3_square.png"; path = "../src/assets/coffee_assets/cappuccino/square/cappuccino_pic_3_square.png"; sourceTree = "<group>"; fileEncoding = undefined; lastKnownFileType = unknown; explicitFileType = undefined; includeInIndex = 0; };
		28243FBC6DB44BAA9E4D68E4 /* espresso_pic_1_portrait.png */ = {isa = PBXFileReference; name = "espresso_pic_1_portrait.png"; path = "../src/assets/coffee_assets/espresso/portrait/espresso_pic_1_portrait.png"; sourceTree = "<group>"; fileEncoding = undefined; lastKnownFileType = unknown; explicitFileType = undefined; includeInIndex = 0; };
		F6E12F53D7754036AEA9CAEF /* espresso_pic_2_portrait.png */ = {isa = PBXFileReference; name = "espresso_pic_2_portrait.png"; path = "../src/assets/coffee_assets/espresso/portrait/espresso_pic_2_portrait.png"; sourceTree = "<group>"; fileEncoding = undefined; lastKnownFileType = unknown; explicitFileType = undefined; includeInIndex = 0; };
		E58AFF37B09E4ADFBAF8C350 /* espresso_pic_3_portrait.png */ = {isa = PBXFileReference; name = "espresso_pic_3_portrait.png"; path = "../src/assets/coffee_assets/espresso/portrait/espresso_pic_3_portrait.png"; sourceTree = "<group>"; fileEncoding = undefined; lastKnownFileType = unknown; explicitFileType = undefined; includeInIndex = 0; };
		7B7500BF7F0C4A6794BC683C /* espresso_pic_1_square.png */ = {isa = PBXFileReference; name = "espresso_pic_1_square.png"; path = "../src/assets/coffee_assets/espresso/square/espresso_pic_1_square.png"; sourceTree = "<group>"; fileEncoding = undefined; lastKnownFileType = unknown; explicitFileType = undefined; includeInIndex = 0; };
		7DF26458611B4BFF80E2CE49 /* espresso_pic_2_square.png */ = {isa = PBXFileReference; name = "espresso_pic_2_square.png"; path = "../src/assets/coffee_assets/espresso/square/espresso_pic_2_square.png"; sourceTree = "<group>"; fileEncoding = undefined; lastKnownFileType = unknown; explicitFileType = undefined; includeInIndex = 0; };
		0D2E128A521A42A2A1718FF9 /* espresso_pic_3_square.png */ = {isa = PBXFileReference; name = "espresso_pic_3_square.png"; path = "../src/assets/coffee_assets/espresso/square/espresso_pic_3_square.png"; sourceTree = "<group>"; fileEncoding = undefined; lastKnownFileType = unknown; explicitFileType = undefined; includeInIndex = 0; };
		A4EC4158682F41C588A4F7E6 /* excelsa_coffee_beans_portrait.png */ = {isa = PBXFileReference; name = "excelsa_coffee_beans_portrait.png"; path = "../src/assets/coffee_assets/excelsa_coffee_beans/excelsa_coffee_beans_portrait.png"; sourceTree = "<group>"; fileEncoding = undefined; lastKnownFileType = unknown; explicitFileType = undefined; includeInIndex = 0; };
		87A075C4EF4F40618AC064EA /* excelsa_coffee_beans_square.png */ = {isa = PBXFileReference; name = "excelsa_coffee_beans_square.png"; path = "../src/assets/coffee_assets/excelsa_coffee_beans/excelsa_coffee_beans_square.png"; sourceTree = "<group>"; fileEncoding = undefined; lastKnownFileType = unknown; explicitFileType = undefined; includeInIndex = 0; };
		D7EFC391278344E7B255B8F7 /* latte_pic_1_portrait.png */ = {isa = PBXFileReference; name = "latte_pic_1_portrait.png"; path = "../src/assets/coffee_assets/latte/portrait/latte_pic_1_portrait.png"; sourceTree = "<group>"; fileEncoding = undefined; lastKnownFileType = unknown; explicitFileType = undefined; includeInIndex = 0; };
		E4A5AA38989E4DEB8CAFDAD1 /* latte_pic_2_portrait.png */ = {isa = PBXFileReference; name = "latte_pic_2_portrait.png"; path = "../src/assets/coffee_assets/latte/portrait/latte_pic_2_portrait.png"; sourceTree = "<group>"; fileEncoding = undefined; lastKnownFileType = unknown; explicitFileType = undefined; includeInIndex = 0; };
		6A4917623FC8448A96377844 /* latte_pic_3_portrait.png */ = {isa = PBXFileReference; name = "latte_pic_3_portrait.png"; path = "../src/assets/coffee_assets/latte/portrait/latte_pic_3_portrait.png"; sourceTree = "<group>"; fileEncoding = undefined; lastKnownFileType = unknown; explicitFileType = undefined; includeInIndex = 0; };
		528ABA7D85AE45A1A130F98E /* latte_pic_1_square.png */ = {isa = PBXFileReference; name = "latte_pic_1_square.png"; path = "../src/assets/coffee_assets/latte/square/latte_pic_1_square.png"; sourceTree = "<group>"; fileEncoding = undefined; lastKnownFileType = unknown; explicitFileType = undefined; includeInIndex = 0; };
		7FD2159F24384571BAE95484 /* latte_pic_2_square.png */ = {isa = PBXFileReference; name = "latte_pic_2_square.png"; path = "../src/assets/coffee_assets/latte/square/latte_pic_2_square.png"; sourceTree = "<group>"; fileEncoding = undefined; lastKnownFileType = unknown; explicitFileType = undefined; includeInIndex = 0; };
		4FF295451D434E0AAFF1FD94 /* latte_pic_3_square.png */ = {isa = PBXFileReference; name = "latte_pic_3_square.png"; path = "../src/assets/coffee_assets/latte/square/latte_pic_3_square.png"; sourceTree = "<group>"; fileEncoding = undefined; lastKnownFileType = unknown; explicitFileType = undefined; includeInIndex = 0; };
		23E76D61451D490685BCF9CF /* liberica_coffee_beans_portrait.png */ = {isa = PBXFileReference; name = "liberica_coffee_beans_portrait.png"; path = "../src/assets/coffee_assets/liberica_coffee_beans/liberica_coffee_beans_portrait.png"; sourceTree = "<group>"; fileEncoding = undefined; lastKnownFileType = unknown; explicitFileType = undefined; includeInIndex = 0; };
		BDA5E66FBD454EF4A66F0757 /* liberica_coffee_beans_square.png */ = {isa = PBXFileReference; name = "liberica_coffee_beans_square.png"; path = "../src/assets/coffee_assets/liberica_coffee_beans/liberica_coffee_beans_square.png"; sourceTree = "<group>"; fileEncoding = undefined; lastKnownFileType = unknown; explicitFileType = undefined; includeInIndex = 0; };
		CB254F5D94D244508B7AF61D /* macchiato_pic_1_portrait.png */ = {isa = PBXFileReference; name = "macchiato_pic_1_portrait.png"; path = "../src/assets/coffee_assets/macchiato/portrait/macchiato_pic_1_portrait.png"; sourceTree = "<group>"; fileEncoding = undefined; lastKnownFileType = unknown; explicitFileType = undefined; includeInIndex = 0; };
		A35F65DD75B44327BEC65586 /* macchiato_pic_2_portrait.png */ = {isa = PBXFileReference; name = "macchiato_pic_2_portrait.png"; path = "../src/assets/coffee_assets/macchiato/portrait/macchiato_pic_2_portrait.png"; sourceTree = "<group>"; fileEncoding = undefined; lastKnownFileType = unknown; explicitFileType = undefined; includeInIndex = 0; };
		DE763144B4A74260BD7080DB /* macchiato_pic_3_portrait.png */ = {isa = PBXFileReference; name = "macchiato_pic_3_portrait.png"; path = "../src/assets/coffee_assets/macchiato/portrait/macchiato_pic_3_portrait.png"; sourceTree = "<group>"; fileEncoding = undefined; lastKnownFileType = unknown; explicitFileType = undefined; includeInIndex = 0; };
		CC1BF6DD55724679B50C6FED /* macchiato_pic_1_square.png */ = {isa = PBXFileReference; name = "macchiato_pic_1_square.png"; path = "../src/assets/coffee_assets/macchiato/square/macchiato_pic_1_square.png"; sourceTree = "<group>"; fileEncoding = undefined; lastKnownFileType = unknown; explicitFileType = undefined; includeInIndex = 0; };
		28F56A82B6B14D2AAE0F4DBD /* macchiato_pic_2_square.png */ = {isa = PBXFileReference; name = "macchiato_pic_2_square.png"; path = "../src/assets/coffee_assets/macchiato/square/macchiato_pic_2_square.png"; sourceTree = "<group>"; fileEncoding = undefined; lastKnownFileType = unknown; explicitFileType = undefined; includeInIndex = 0; };
		515C4E6189204BB6912D69F3 /* macchiato_pic_3_square.png */ = {isa = PBXFileReference; name = "macchiato_pic_3_square.png"; path = "../src/assets/coffee_assets/macchiato/square/macchiato_pic_3_square.png"; sourceTree = "<group>"; fileEncoding = undefined; lastKnownFileType = unknown; explicitFileType = undefined; includeInIndex = 0; };
		886C83BF38664CEAB2C24D20 /* robusta_coffee_beans_portrait.png */ = {isa = PBXFileReference; name = "robusta_coffee_beans_portrait.png"; path = "../src/assets/coffee_assets/robusta_coffee_beans/robusta_coffee_beans_portrait.png"; sourceTree = "<group>"; fileEncoding = undefined; lastKnownFileType = unknown; explicitFileType = undefined; includeInIndex = 0; };
		95117F070583464890FFA7DC /* robusta_coffee_beans_square.png */ = {isa = PBXFileReference; name = "robusta_coffee_beans_square.png"; path = "../src/assets/coffee_assets/robusta_coffee_beans/robusta_coffee_beans_square.png"; sourceTree = "<group>"; fileEncoding = undefined; lastKnownFileType = unknown; explicitFileType = undefined; includeInIndex = 0; };
/* End PBXFileReference section */

/* Begin PBXFrameworksBuildPhase section */
		00E356EB1AD99517003FC87E /* Frameworks */ = {
			isa = PBXFrameworksBuildPhase;
			buildActionMask = 2147483647;
			files = (
				7699B88040F8A987B510C191 /* libPods-Brewhub_app-Brewhub_appTests.a in Frameworks */,
			);
			runOnlyForDeploymentPostprocessing = 0;
		};
		13B07F8C1A680F5B00A75B9A /* Frameworks */ = {
			isa = PBXFrameworksBuildPhase;
			buildActionMask = 2147483647;
			files = (
				0C80B921A6F3F58F76C31292 /* libPods-Brewhub_app.a in Frameworks */,
			);
			runOnlyForDeploymentPostprocessing = 0;
		};
/* End PBXFrameworksBuildPhase section */

/* Begin PBXGroup section */
		00E356EF1AD99517003FC87E /* Brewhub_appTests */ = {
			isa = PBXGroup;
			children = (
				00E356F21AD99517003FC87E /* Brewhub_appTests.m */,
				00E356F01AD99517003FC87E /* Supporting Files */,
			);
			path = Brewhub_appTests;
			sourceTree = "<group>";
		};
		00E356F01AD99517003FC87E /* Supporting Files */ = {
			isa = PBXGroup;
			children = (
				00E356F11AD99517003FC87E /* Info.plist */,
			);
			name = "Supporting Files";
			sourceTree = "<group>";
		};
		13B07FAE1A68108700A75B9A /* Brewhub_app */ = {
			isa = PBXGroup;
			children = (
				13B07FAF1A68108700A75B9A /* AppDelegate.h */,
				13B07FB01A68108700A75B9A /* AppDelegate.mm */,
				13B07FB51A68108700A75B9A /* Images.xcassets */,
				13B07FB61A68108700A75B9A /* Info.plist */,
				81AB9BB72411601600AC10FF /* LaunchScreen.storyboard */,
				13B07FB71A68108700A75B9A /* main.m */,
			);
			name = Brewhub_app;
			sourceTree = "<group>";
		};
		2D16E6871FA4F8E400B85C8A /* Frameworks */ = {
			isa = PBXGroup;
			children = (
				ED297162215061F000B7C4FE /* JavaScriptCore.framework */,
				5DCACB8F33CDC322A6C60F78 /* libPods-Brewhub_app.a */,
				19F6CBCC0A4E27FBF8BF4A61 /* libPods-Brewhub_app-Brewhub_appTests.a */,
			);
			name = Frameworks;
			sourceTree = "<group>";
		};
		832341AE1AAA6A7D00B99B32 /* Libraries */ = {
			isa = PBXGroup;
			children = (
			);
			name = Libraries;
			sourceTree = "<group>";
		};
		83CBB9F61A601CBA00E9B192 = {
			isa = PBXGroup;
			children = (
				13B07FAE1A68108700A75B9A /* Brewhub_app */,
				832341AE1AAA6A7D00B99B32 /* Libraries */,
				00E356EF1AD99517003FC87E /* Brewhub_appTests */,
				83CBBA001A601CBA00E9B192 /* Products */,
				2D16E6871FA4F8E400B85C8A /* Frameworks */,
				BBD78D7AC51CEA395F1C20DB /* Pods */,
				4CF0040C05B4409695BA13A7 /* Resources */,
			);
			indentWidth = 2;
			sourceTree = "<group>";
			tabWidth = 2;
			usesTabs = 0;
		};
		83CBBA001A601CBA00E9B192 /* Products */ = {
			isa = PBXGroup;
			children = (
				13B07F961A680F5B00A75B9A /* Brewhub_app.app */,
				00E356EE1AD99517003FC87E /* Brewhub_appTests.xctest */,
			);
			name = Products;
			sourceTree = "<group>";
		};
		BBD78D7AC51CEA395F1C20DB /* Pods */ = {
			isa = PBXGroup;
			children = (
				3B4392A12AC88292D35C810B /* Pods-Brewhub_app.debug.xcconfig */,
				5709B34CF0A7D63546082F79 /* Pods-Brewhub_app.release.xcconfig */,
				5B7EB9410499542E8C5724F5 /* Pods-Brewhub_app-Brewhub_appTests.debug.xcconfig */,
				89C6BE57DB24E9ADA2F236DE /* Pods-Brewhub_app-Brewhub_appTests.release.xcconfig */,
			);
			path = Pods;
			sourceTree = "<group>";
		};
		4CF0040C05B4409695BA13A7 /* Resources */ = {
			isa = "PBXGroup";
			children = (
				5BE542A778064CA2940DC2A4 /* app_icons.ttf */,
				33E2163193BC4AA4A2877095 /* Poppins-Black.ttf */,
				F384D61554CA4E22A11CD90C /* Poppins-Bold.ttf */,
				1575E6C1A8C5479A8E129D93 /* Poppins-ExtraBold.ttf */,
				04F2E9F58A8B4FBCA4333090 /* Poppins-ExtraLight.ttf */,
				3728712ECC5E402481419B84 /* Poppins-Light.ttf */,
				4768022B8A03425590803638 /* Poppins-Medium.ttf */,
				7CC1FFAA3B5941C08F6EC2AC /* Poppins-Regular.ttf */,
				6096E39BA5024BAFAC851287 /* Poppins-SemiBold.ttf */,
				B50C9D94899944B0AC4385BD /* Poppins-Thin.ttf */,
				E8394E4034984464B8614CA3 /* amazonpay.png */,
				63DA9A531C5849EFADC0437A /* applepay.png */,
				6160E00C85D04BBDB825D1C1 /* avatar.png */,
				4945E5F30A33408D8980FD31 /* gpay.png */,
				93B8DD6E75C049F8A86AFEEB /* americano_pic_1_portrait.png */,
				A6FE08CB7C274786BE1BA93A /* americano_pic_2_portrait.png */,
				4123ADA2C089416A9196BCE9 /* americano_pic_3_portrait.png */,
				E40720EAAD6446A383648628 /* americano_pic_1_square.png */,
				4DF8DCA34195436E80CC955D /* americano_pic_2_square.png */,
				BB3738C4E99E4319A7131214 /* americano_pic_3_square.png */,
				000CEEE6CDA6442D898621A9 /* arabica_coffee_beans_portrait.png */,
				929FEB6829664418BB0C1769 /* arabica_coffee_beans_square.png */,
				D08DDDDC0EAC4238A54F58A5 /* black_coffee_pic_1_portrait.png */,
				CAA1E0C4437D47B7A37EF637 /* black_coffee_pic_2_portrait.png */,
				371BDFB43CF24A4AA5AF7231 /* black_coffee_pic_3_portrait.png */,
				60FA21EBF8974B80910DA33E /* black_coffee_pic_1_square.png */,
				48853A17DABB40039D71BB15 /* black_coffee_pic_2_square.png */,
				B146B3F84427444DBA4D70A6 /* black_coffee_pic_3_square.png */,
				E0155F59BD5C4C798290282B /* cappuccino_pic_1_portrait.png */,
				293D6E86FD634ADBB1A4CF97 /* cappuccino_pic_2_portrait.png */,
				49A7F511598647D0A592E34A /* cappuccino_pic_3_portrait.png */,
				D52A4EBDBA6141918AB3E162 /* cappuccino_pic_1_square.png */,
				E35FAAE7D04141C1AAF0BADE /* cappuccino_pic_2_square.png */,
				17EB6ED2E46C432D857D9AAA /* cappuccino_pic_3_square.png */,
				28243FBC6DB44BAA9E4D68E4 /* espresso_pic_1_portrait.png */,
				F6E12F53D7754036AEA9CAEF /* espresso_pic_2_portrait.png */,
				E58AFF37B09E4ADFBAF8C350 /* espresso_pic_3_portrait.png */,
				7B7500BF7F0C4A6794BC683C /* espresso_pic_1_square.png */,
				7DF26458611B4BFF80E2CE49 /* espresso_pic_2_square.png */,
				0D2E128A521A42A2A1718FF9 /* espresso_pic_3_square.png */,
				A4EC4158682F41C588A4F7E6 /* excelsa_coffee_beans_portrait.png */,
				87A075C4EF4F40618AC064EA /* excelsa_coffee_beans_square.png */,
				D7EFC391278344E7B255B8F7 /* latte_pic_1_portrait.png */,
				E4A5AA38989E4DEB8CAFDAD1 /* latte_pic_2_portrait.png */,
				6A4917623FC8448A96377844 /* latte_pic_3_portrait.png */,
				528ABA7D85AE45A1A130F98E /* latte_pic_1_square.png */,
				7FD2159F24384571BAE95484 /* latte_pic_2_square.png */,
				4FF295451D434E0AAFF1FD94 /* latte_pic_3_square.png */,
				23E76D61451D490685BCF9CF /* liberica_coffee_beans_portrait.png */,
				BDA5E66FBD454EF4A66F0757 /* liberica_coffee_beans_square.png */,
				CB254F5D94D244508B7AF61D /* macchiato_pic_1_portrait.png */,
				A35F65DD75B44327BEC65586 /* macchiato_pic_2_portrait.png */,
				DE763144B4A74260BD7080DB /* macchiato_pic_3_portrait.png */,
				CC1BF6DD55724679B50C6FED /* macchiato_pic_1_square.png */,
				28F56A82B6B14D2AAE0F4DBD /* macchiato_pic_2_square.png */,
				515C4E6189204BB6912D69F3 /* macchiato_pic_3_square.png */,
				886C83BF38664CEAB2C24D20 /* robusta_coffee_beans_portrait.png */,
				95117F070583464890FFA7DC /* robusta_coffee_beans_square.png */,
			);
			name = Resources;
			sourceTree = "<group>";
			path = "";
		};
/* End PBXGroup section */

/* Begin PBXNativeTarget section */
		00E356ED1AD99517003FC87E /* Brewhub_appTests */ = {
			isa = PBXNativeTarget;
			buildConfigurationList = 00E357021AD99517003FC87E /* Build configuration list for PBXNativeTarget "Brewhub_appTests" */;
			buildPhases = (
				A55EABD7B0C7F3A422A6CC61 /* [CP] Check Pods Manifest.lock */,
				00E356EA1AD99517003FC87E /* Sources */,
				00E356EB1AD99517003FC87E /* Frameworks */,
				00E356EC1AD99517003FC87E /* Resources */,
				C59DA0FBD6956966B86A3779 /* [CP] Embed Pods Frameworks */,
				F6A41C54EA430FDDC6A6ED99 /* [CP] Copy Pods Resources */,
			);
			buildRules = (
			);
			dependencies = (
				00E356F51AD99517003FC87E /* PBXTargetDependency */,
			);
			name = Brewhub_appTests;
			productName = Brewhub_appTests;
			productReference = 00E356EE1AD99517003FC87E /* Brewhub_appTests.xctest */;
			productType = "com.apple.product-type.bundle.unit-test";
		};
		13B07F861A680F5B00A75B9A /* Brewhub_app */ = {
			isa = PBXNativeTarget;
			buildConfigurationList = 13B07F931A680F5B00A75B9A /* Build configuration list for PBXNativeTarget "Brewhub_app" */;
			buildPhases = (
				C38B50BA6285516D6DCD4F65 /* [CP] Check Pods Manifest.lock */,
				FD10A7F022414F080027D42C /* Start Packager */,
				13B07F871A680F5B00A75B9A /* Sources */,
				13B07F8C1A680F5B00A75B9A /* Frameworks */,
				13B07F8E1A680F5B00A75B9A /* Resources */,
				00DD1BFF1BD5951E006B06BC /* Bundle React Native code and images */,
				00EEFC60759A1932668264C0 /* [CP] Embed Pods Frameworks */,
				E235C05ADACE081382539298 /* [CP] Copy Pods Resources */,
			);
			buildRules = (
			);
			dependencies = (
			);
			name = Brewhub_app;
			productName = Brewhub_app;
			productReference = 13B07F961A680F5B00A75B9A /* Brewhub_app.app */;
			productType = "com.apple.product-type.application";
		};
/* End PBXNativeTarget section */

/* Begin PBXProject section */
		83CBB9F71A601CBA00E9B192 /* Project object */ = {
			isa = PBXProject;
			attributes = {
				LastUpgradeCheck = 1210;
				TargetAttributes = {
					00E356ED1AD99517003FC87E = {
						CreatedOnToolsVersion = 6.2;
						TestTargetID = 13B07F861A680F5B00A75B9A;
					};
					13B07F861A680F5B00A75B9A = {
						LastSwiftMigration = 1120;
					};
				};
			};
			buildConfigurationList = 83CBB9FA1A601CBA00E9B192 /* Build configuration list for PBXProject "Brewhub_app" */;
			compatibilityVersion = "Xcode 12.0";
			developmentRegion = en;
			hasScannedForEncodings = 0;
			knownRegions = (
				en,
				Base,
			);
			mainGroup = 83CBB9F61A601CBA00E9B192;
			productRefGroup = 83CBBA001A601CBA00E9B192 /* Products */;
			projectDirPath = "";
			projectRoot = "";
			targets = (
				13B07F861A680F5B00A75B9A /* Brewhub_app */,
				00E356ED1AD99517003FC87E /* Brewhub_appTests */,
			);
		};
/* End PBXProject section */

/* Begin PBXResourcesBuildPhase section */
		00E356EC1AD99517003FC87E /* Resources */ = {
			isa = PBXResourcesBuildPhase;
			buildActionMask = 2147483647;
			files = (
			);
			runOnlyForDeploymentPostprocessing = 0;
		};
		13B07F8E1A680F5B00A75B9A /* Resources */ = {
			isa = PBXResourcesBuildPhase;
			buildActionMask = 2147483647;
			files = (
				81AB9BB82411601600AC10FF /* LaunchScreen.storyboard in Resources */,
				13B07FBF1A68108700A75B9A /* Images.xcassets in Resources */,
				1267F7A3BD314D2BA237A59B /* app_icons.ttf in Resources */,
				1709042508574B83A532DAA7 /* Poppins-Black.ttf in Resources */,
				87C6170DE61B46BCA077EDB9 /* Poppins-Bold.ttf in Resources */,
				4859F3C873DF427B9C3372B7 /* Poppins-ExtraBold.ttf in Resources */,
				7FBD399150284BF686C56B09 /* Poppins-ExtraLight.ttf in Resources */,
				43A0623F449E4E60AC1A5048 /* Poppins-Light.ttf in Resources */,
				47A6499FC3D34CE5BEFB0B8C /* Poppins-Medium.ttf in Resources */,
				FC30F653E67A43508C9C2353 /* Poppins-Regular.ttf in Resources */,
				CD6B5713A09349909E9A7ED3 /* Poppins-SemiBold.ttf in Resources */,
				EA31AEBB91274B2D97BCE18F /* Poppins-Thin.ttf in Resources */,
				8B9EC4BB355540ACA4BC2551 /* amazonpay.png in Resources */,
				2AA9550017244D1683237B13 /* applepay.png in Resources */,
				7B1FF60CE5364ABCB91BCA82 /* avatar.png in Resources */,
				B44EBCEBD797442F820C9967 /* gpay.png in Resources */,
				78AEBABA0B3740BA9DE47EEA /* americano_pic_1_portrait.png in Resources */,
				88F97EDEA54B4F669B1052B4 /* americano_pic_2_portrait.png in Resources */,
				89DBEE0BF11447CDADBFF350 /* americano_pic_3_portrait.png in Resources */,
				1A0EA8F643E24AE28BDFAC18 /* americano_pic_1_square.png in Resources */,
				8DFEA0789C1943CA9A808405 /* americano_pic_2_square.png in Resources */,
				02AC1664A7DF46F79D6913B5 /* americano_pic_3_square.png in Resources */,
				1FC68538C98D4196B5912637 /* arabica_coffee_beans_portrait.png in Resources */,
				F5427E05F8924ED0AAABB2F4 /* arabica_coffee_beans_square.png in Resources */,
				18F92357E7654A33808BAA2E /* black_coffee_pic_1_portrait.png in Resources */,
				D8B22452E2A54BACAD8A9CA9 /* black_coffee_pic_2_portrait.png in Resources */,
				29E8B9B1A7594395A3E6E302 /* black_coffee_pic_3_portrait.png in Resources */,
				CABD333F5CAC4D0093E313A7 /* black_coffee_pic_1_square.png in Resources */,
				3414B9CA5F2042409EC643CC /* black_coffee_pic_2_square.png in Resources */,
				68AD216FBE8D49C3B136EC72 /* black_coffee_pic_3_square.png in Resources */,
				2D93C2AE6CA74A58BE719A57 /* cappuccino_pic_1_portrait.png in Resources */,
				4BBD2775D757455FBB6A4291 /* cappuccino_pic_2_portrait.png in Resources */,
				CF6637BC037A42758C369193 /* cappuccino_pic_3_portrait.png in Resources */,
				EE07E40272A745CE9E46F724 /* cappuccino_pic_1_square.png in Resources */,
				0450B3775D904E058318C909 /* cappuccino_pic_2_square.png in Resources */,
				E27F2C2FAFBD4AAABCE3C3CA /* cappuccino_pic_3_square.png in Resources */,
				B25F4F39CEBD46EC9B863264 /* espresso_pic_1_portrait.png in Resources */,
				E069382F1EF14D41B136551D /* espresso_pic_2_portrait.png in Resources */,
				993BB539E117475DB509FFB0 /* espresso_pic_3_portrait.png in Resources */,
				966C41DF544849CABC69D125 /* espresso_pic_1_square.png in Resources */,
				CAD2245FC7844F5E9A063763 /* espresso_pic_2_square.png in Resources */,
				37694024909940DDA3747E1F /* espresso_pic_3_square.png in Resources */,
				5D0FA74158004134AB632954 /* excelsa_coffee_beans_portrait.png in Resources */,
				E8DBAC52860E4AA291F4738E /* excelsa_coffee_beans_square.png in Resources */,
				856C3D9713234BC386BE5A3D /* latte_pic_1_portrait.png in Resources */,
				DCEDB2ACC07E4D6B95762069 /* latte_pic_2_portrait.png in Resources */,
				B40FCBB556FE4A86A5BD88ED /* latte_pic_3_portrait.png in Resources */,
				C5386759DA4D435FA29C20C7 /* latte_pic_1_square.png in Resources */,
				103806B7684F40D3B90533C0 /* latte_pic_2_square.png in Resources */,
				4305FB288E124CC6BE837E0B /* latte_pic_3_square.png in Resources */,
				5F4CC614DC9E48AAB8948D44 /* liberica_coffee_beans_portrait.png in Resources */,
				90C5386883D44D33904DEB6E /* liberica_coffee_beans_square.png in Resources */,
				9DD9798413C641509A118D5B /* macchiato_pic_1_portrait.png in Resources */,
				F511735FB49347688E740F1E /* macchiato_pic_2_portrait.png in Resources */,
				AA524AB86CAF4A5887A8D941 /* macchiato_pic_3_portrait.png in Resources */,
				2C829583010C45CD9469923A /* macchiato_pic_1_square.png in Resources */,
				6A49FF03A30D439FB9FA0A03 /* macchiato_pic_2_square.png in Resources */,
				06A995E35EC34D63B0232945 /* macchiato_pic_3_square.png in Resources */,
				AAD4AA47FD4F41388EB370A8 /* robusta_coffee_beans_portrait.png in Resources */,
				F484C85200CA4B6B9BD17101 /* robusta_coffee_beans_square.png in Resources */,
			);
			runOnlyForDeploymentPostprocessing = 0;
		};
/* End PBXResourcesBuildPhase section */

/* Begin PBXShellScriptBuildPhase section */
		00DD1BFF1BD5951E006B06BC /* Bundle React Native code and images */ = {
			isa = PBXShellScriptBuildPhase;
			buildActionMask = 2147483647;
			files = (
			);
			inputPaths = (
				"$(SRCROOT)/.xcode.env.local",
				"$(SRCROOT)/.xcode.env",
			);
			name = "Bundle React Native code and images";
			outputPaths = (
			);
			runOnlyForDeploymentPostprocessing = 0;
			shellPath = /bin/sh;
			shellScript = "set -e\n\nWITH_ENVIRONMENT=\"../node_modules/react-native/scripts/xcode/with-environment.sh\"\nREACT_NATIVE_XCODE=\"../node_modules/react-native/scripts/react-native-xcode.sh\"\n\n/bin/sh -c \"$WITH_ENVIRONMENT $REACT_NATIVE_XCODE\"\n";
		};
		00EEFC60759A1932668264C0 /* [CP] Embed Pods Frameworks */ = {
			isa = PBXShellScriptBuildPhase;
			buildActionMask = 2147483647;
			files = (
			);
			inputFileListPaths = (
				"${PODS_ROOT}/Target Support Files/Pods-Brewhub_app/Pods-Brewhub_app-frameworks-${CONFIGURATION}-input-files.xcfilelist",
			);
			name = "[CP] Embed Pods Frameworks";
			outputFileListPaths = (
				"${PODS_ROOT}/Target Support Files/Pods-Brewhub_app/Pods-Brewhub_app-frameworks-${CONFIGURATION}-output-files.xcfilelist",
			);
			runOnlyForDeploymentPostprocessing = 0;
			shellPath = /bin/sh;
			shellScript = "\"${PODS_ROOT}/Target Support Files/Pods-Brewhub_app/Pods-Brewhub_app-frameworks.sh\"\n";
			showEnvVarsInLog = 0;
		};
		A55EABD7B0C7F3A422A6CC61 /* [CP] Check Pods Manifest.lock */ = {
			isa = PBXShellScriptBuildPhase;
			buildActionMask = 2147483647;
			files = (
			);
			inputFileListPaths = (
			);
			inputPaths = (
				"${PODS_PODFILE_DIR_PATH}/Podfile.lock",
				"${PODS_ROOT}/Manifest.lock",
			);
			name = "[CP] Check Pods Manifest.lock";
			outputFileListPaths = (
			);
			outputPaths = (
				"$(DERIVED_FILE_DIR)/Pods-Brewhub_app-Brewhub_appTests-checkManifestLockResult.txt",
			);
			runOnlyForDeploymentPostprocessing = 0;
			shellPath = /bin/sh;
			shellScript = "diff \"${PODS_PODFILE_DIR_PATH}/Podfile.lock\" \"${PODS_ROOT}/Manifest.lock\" > /dev/null\nif [ $? != 0 ] ; then\n    # print error to STDERR\n    echo \"error: The sandbox is not in sync with the Podfile.lock. Run 'pod install' or update your CocoaPods installation.\" >&2\n    exit 1\nfi\n# This output is used by Xcode 'outputs' to avoid re-running this script phase.\necho \"SUCCESS\" > \"${SCRIPT_OUTPUT_FILE_0}\"\n";
			showEnvVarsInLog = 0;
		};
		C38B50BA6285516D6DCD4F65 /* [CP] Check Pods Manifest.lock */ = {
			isa = PBXShellScriptBuildPhase;
			buildActionMask = 2147483647;
			files = (
			);
			inputFileListPaths = (
			);
			inputPaths = (
				"${PODS_PODFILE_DIR_PATH}/Podfile.lock",
				"${PODS_ROOT}/Manifest.lock",
			);
			name = "[CP] Check Pods Manifest.lock";
			outputFileListPaths = (
			);
			outputPaths = (
				"$(DERIVED_FILE_DIR)/Pods-Brewhub_app-checkManifestLockResult.txt",
			);
			runOnlyForDeploymentPostprocessing = 0;
			shellPath = /bin/sh;
			shellScript = "diff \"${PODS_PODFILE_DIR_PATH}/Podfile.lock\" \"${PODS_ROOT}/Manifest.lock\" > /dev/null\nif [ $? != 0 ] ; then\n    # print error to STDERR\n    echo \"error: The sandbox is not in sync with the Podfile.lock. Run 'pod install' or update your CocoaPods installation.\" >&2\n    exit 1\nfi\n# This output is used by Xcode 'outputs' to avoid re-running this script phase.\necho \"SUCCESS\" > \"${SCRIPT_OUTPUT_FILE_0}\"\n";
			showEnvVarsInLog = 0;
		};
		C59DA0FBD6956966B86A3779 /* [CP] Embed Pods Frameworks */ = {
			isa = PBXShellScriptBuildPhase;
			buildActionMask = 2147483647;
			files = (
			);
			inputFileListPaths = (
				"${PODS_ROOT}/Target Support Files/Pods-Brewhub_app-Brewhub_appTests/Pods-Brewhub_app-Brewhub_appTests-frameworks-${CONFIGURATION}-input-files.xcfilelist",
			);
			name = "[CP] Embed Pods Frameworks";
			outputFileListPaths = (
				"${PODS_ROOT}/Target Support Files/Pods-Brewhub_app-Brewhub_appTests/Pods-Brewhub_app-Brewhub_appTests-frameworks-${CONFIGURATION}-output-files.xcfilelist",
			);
			runOnlyForDeploymentPostprocessing = 0;
			shellPath = /bin/sh;
			shellScript = "\"${PODS_ROOT}/Target Support Files/Pods-Brewhub_app-Brewhub_appTests/Pods-Brewhub_app-Brewhub_appTests-frameworks.sh\"\n";
			showEnvVarsInLog = 0;
		};
		E235C05ADACE081382539298 /* [CP] Copy Pods Resources */ = {
			isa = PBXShellScriptBuildPhase;
			buildActionMask = 2147483647;
			files = (
			);
			inputFileListPaths = (
				"${PODS_ROOT}/Target Support Files/Pods-Brewhub_app/Pods-Brewhub_app-resources-${CONFIGURATION}-input-files.xcfilelist",
			);
			name = "[CP] Copy Pods Resources";
			outputFileListPaths = (
				"${PODS_ROOT}/Target Support Files/Pods-Brewhub_app/Pods-Brewhub_app-resources-${CONFIGURATION}-output-files.xcfilelist",
			);
			runOnlyForDeploymentPostprocessing = 0;
			shellPath = /bin/sh;
			shellScript = "\"${PODS_ROOT}/Target Support Files/Pods-Brewhub_app/Pods-Brewhub_app-resources.sh\"\n";
			showEnvVarsInLog = 0;
		};
		F6A41C54EA430FDDC6A6ED99 /* [CP] Copy Pods Resources */ = {
			isa = PBXShellScriptBuildPhase;
			buildActionMask = 2147483647;
			files = (
			);
			inputFileListPaths = (
				"${PODS_ROOT}/Target Support Files/Pods-Brewhub_app-Brewhub_appTests/Pods-Brewhub_app-Brewhub_appTests-resources-${CONFIGURATION}-input-files.xcfilelist",
			);
			name = "[CP] Copy Pods Resources";
			outputFileListPaths = (
				"${PODS_ROOT}/Target Support Files/Pods-Brewhub_app-Brewhub_appTests/Pods-Brewhub_app-Brewhub_appTests-resources-${CONFIGURATION}-output-files.xcfilelist",
			);
			runOnlyForDeploymentPostprocessing = 0;
			shellPath = /bin/sh;
			shellScript = "\"${PODS_ROOT}/Target Support Files/Pods-Brewhub_app-Brewhub_appTests/Pods-Brewhub_app-Brewhub_appTests-resources.sh\"\n";
			showEnvVarsInLog = 0;
		};
		FD10A7F022414F080027D42C /* Start Packager */ = {
			isa = PBXShellScriptBuildPhase;
			buildActionMask = 2147483647;
			files = (
			);
			inputFileListPaths = (
			);
			inputPaths = (
			);
			name = "Start Packager";
			outputFileListPaths = (
			);
			outputPaths = (
			);
			runOnlyForDeploymentPostprocessing = 0;
			shellPath = /bin/sh;
			shellScript = "export RCT_METRO_PORT=\"${RCT_METRO_PORT:=8081}\"\necho \"export RCT_METRO_PORT=${RCT_METRO_PORT}\" > \"${SRCROOT}/../node_modules/react-native/scripts/.packager.env\"\nif [ -z \"${RCT_NO_LAUNCH_PACKAGER+xxx}\" ] ; then\n  if nc -w 5 -z localhost ${RCT_METRO_PORT} ; then\n    if ! curl -s \"http://localhost:${RCT_METRO_PORT}/status\" | grep -q \"packager-status:running\" ; then\n      echo \"Port ${RCT_METRO_PORT} already in use, packager is either not running or not running correctly\"\n      exit 2\n    fi\n  else\n    open \"$SRCROOT/../node_modules/react-native/scripts/launchPackager.command\" || echo \"Can't start packager automatically\"\n  fi\nfi\n";
			showEnvVarsInLog = 0;
		};
/* End PBXShellScriptBuildPhase section */

/* Begin PBXSourcesBuildPhase section */
		00E356EA1AD99517003FC87E /* Sources */ = {
			isa = PBXSourcesBuildPhase;
			buildActionMask = 2147483647;
			files = (
				00E356F31AD99517003FC87E /* Brewhub_appTests.m in Sources */,
			);
			runOnlyForDeploymentPostprocessing = 0;
		};
		13B07F871A680F5B00A75B9A /* Sources */ = {
			isa = PBXSourcesBuildPhase;
			buildActionMask = 2147483647;
			files = (
				13B07FBC1A68108700A75B9A /* AppDelegate.mm in Sources */,
				13B07FC11A68108700A75B9A /* main.m in Sources */,
			);
			runOnlyForDeploymentPostprocessing = 0;
		};
/* End PBXSourcesBuildPhase section */

/* Begin PBXTargetDependency section */
		00E356F51AD99517003FC87E /* PBXTargetDependency */ = {
			isa = PBXTargetDependency;
			target = 13B07F861A680F5B00A75B9A /* Brewhub_app */;
			targetProxy = 00E356F41AD99517003FC87E /* PBXContainerItemProxy */;
		};
/* End PBXTargetDependency section */

/* Begin XCBuildConfiguration section */
		00E356F61AD99517003FC87E /* Debug */ = {
			isa = XCBuildConfiguration;
			baseConfigurationReference = 5B7EB9410499542E8C5724F5 /* Pods-Brewhub_app-Brewhub_appTests.debug.xcconfig */;
			buildSettings = {
				BUNDLE_LOADER = "$(TEST_HOST)";
				GCC_PREPROCESSOR_DEFINITIONS = (
					"DEBUG=1",
					"$(inherited)",
				);
				INFOPLIST_FILE = Brewhub_appTests/Info.plist;
				IPHONEOS_DEPLOYMENT_TARGET = 12.4;
				LD_RUNPATH_SEARCH_PATHS = (
					"$(inherited)",
					"@executable_path/Frameworks",
					"@loader_path/Frameworks",
				);
				OTHER_LDFLAGS = (
					"-ObjC",
					"-lc++",
					"$(inherited)",
				);
				PRODUCT_BUNDLE_IDENTIFIER = "org.reactjs.native.example.$(PRODUCT_NAME:rfc1034identifier)";
				PRODUCT_NAME = "$(TARGET_NAME)";
				TEST_HOST = "$(BUILT_PRODUCTS_DIR)/Brewhub_app.app/Brewhub_app";
			};
			name = Debug;
		};
		00E356F71AD99517003FC87E /* Release */ = {
			isa = XCBuildConfiguration;
			baseConfigurationReference = 89C6BE57DB24E9ADA2F236DE /* Pods-Brewhub_app-Brewhub_appTests.release.xcconfig */;
			buildSettings = {
				BUNDLE_LOADER = "$(TEST_HOST)";
				COPY_PHASE_STRIP = NO;
				INFOPLIST_FILE = Brewhub_appTests/Info.plist;
				IPHONEOS_DEPLOYMENT_TARGET = 12.4;
				LD_RUNPATH_SEARCH_PATHS = (
					"$(inherited)",
					"@executable_path/Frameworks",
					"@loader_path/Frameworks",
				);
				OTHER_LDFLAGS = (
					"-ObjC",
					"-lc++",
					"$(inherited)",
				);
				PRODUCT_BUNDLE_IDENTIFIER = "org.reactjs.native.example.$(PRODUCT_NAME:rfc1034identifier)";
				PRODUCT_NAME = "$(TARGET_NAME)";
				TEST_HOST = "$(BUILT_PRODUCTS_DIR)/Brewhub_app.app/Brewhub_app";
			};
			name = Release;
		};
		13B07F941A680F5B00A75B9A /* Debug */ = {
			isa = XCBuildConfiguration;
			baseConfigurationReference = 3B4392A12AC88292D35C810B /* Pods-Brewhub_app.debug.xcconfig */;
			buildSettings = {
				ASSETCATALOG_COMPILER_APPICON_NAME = AppIcon;
				CLANG_ENABLE_MODULES = YES;
				CURRENT_PROJECT_VERSION = 1;
				ENABLE_BITCODE = NO;
				INFOPLIST_FILE = Brewhub_app/Info.plist;
				LD_RUNPATH_SEARCH_PATHS = (
					"$(inherited)",
					"@executable_path/Frameworks",
				);
				MARKETING_VERSION = 1.0;
				OTHER_LDFLAGS = (
					"$(inherited)",
					"-ObjC",
					"-lc++",
				);
				PRODUCT_BUNDLE_IDENTIFIER = "org.reactjs.native.example.$(PRODUCT_NAME:rfc1034identifier)";
				PRODUCT_NAME = Brewhub_app;
				SWIFT_OPTIMIZATION_LEVEL = "-Onone";
				SWIFT_VERSION = 5.0;
				VERSIONING_SYSTEM = "apple-generic";
			};
			name = Debug;
		};
		13B07F951A680F5B00A75B9A /* Release */ = {
			isa = XCBuildConfiguration;
			baseConfigurationReference = 5709B34CF0A7D63546082F79 /* Pods-Brewhub_app.release.xcconfig */;
			buildSettings = {
				ASSETCATALOG_COMPILER_APPICON_NAME = AppIcon;
				CLANG_ENABLE_MODULES = YES;
				CURRENT_PROJECT_VERSION = 1;
				INFOPLIST_FILE = Brewhub_app/Info.plist;
				LD_RUNPATH_SEARCH_PATHS = (
					"$(inherited)",
					"@executable_path/Frameworks",
				);
				MARKETING_VERSION = 1.0;
				OTHER_LDFLAGS = (
					"$(inherited)",
					"-ObjC",
					"-lc++",
				);
				PRODUCT_BUNDLE_IDENTIFIER = "org.reactjs.native.example.$(PRODUCT_NAME:rfc1034identifier)";
				PRODUCT_NAME = Brewhub_app;
				SWIFT_VERSION = 5.0;
				VERSIONING_SYSTEM = "apple-generic";
			};
			name = Release;
		};
		83CBBA201A601CBA00E9B192 /* Debug */ = {
			isa = XCBuildConfiguration;
			buildSettings = {
				ALWAYS_SEARCH_USER_PATHS = NO;
				CLANG_ANALYZER_LOCALIZABILITY_NONLOCALIZED = YES;
				CLANG_CXX_LANGUAGE_STANDARD = "c++17";
				CLANG_CXX_LIBRARY = "libc++";
				CLANG_ENABLE_MODULES = YES;
				CLANG_ENABLE_OBJC_ARC = YES;
				CLANG_WARN_BLOCK_CAPTURE_AUTORELEASING = YES;
				CLANG_WARN_BOOL_CONVERSION = YES;
				CLANG_WARN_COMMA = YES;
				CLANG_WARN_CONSTANT_CONVERSION = YES;
				CLANG_WARN_DEPRECATED_OBJC_IMPLEMENTATIONS = YES;
				CLANG_WARN_DIRECT_OBJC_ISA_USAGE = YES_ERROR;
				CLANG_WARN_EMPTY_BODY = YES;
				CLANG_WARN_ENUM_CONVERSION = YES;
				CLANG_WARN_INFINITE_RECURSION = YES;
				CLANG_WARN_INT_CONVERSION = YES;
				CLANG_WARN_NON_LITERAL_NULL_CONVERSION = YES;
				CLANG_WARN_OBJC_IMPLICIT_RETAIN_SELF = YES;
				CLANG_WARN_OBJC_LITERAL_CONVERSION = YES;
				CLANG_WARN_OBJC_ROOT_CLASS = YES_ERROR;
				CLANG_WARN_QUOTED_INCLUDE_IN_FRAMEWORK_HEADER = YES;
				CLANG_WARN_RANGE_LOOP_ANALYSIS = YES;
				CLANG_WARN_STRICT_PROTOTYPES = YES;
				CLANG_WARN_SUSPICIOUS_MOVE = YES;
				CLANG_WARN_UNREACHABLE_CODE = YES;
				CLANG_WARN__DUPLICATE_METHOD_MATCH = YES;
				"CODE_SIGN_IDENTITY[sdk=iphoneos*]" = "iPhone Developer";
				COPY_PHASE_STRIP = NO;
				ENABLE_STRICT_OBJC_MSGSEND = YES;
				ENABLE_TESTABILITY = YES;
				"EXCLUDED_ARCHS[sdk=iphonesimulator*]" = "";
				GCC_C_LANGUAGE_STANDARD = gnu99;
				GCC_DYNAMIC_NO_PIC = NO;
				GCC_NO_COMMON_BLOCKS = YES;
				GCC_OPTIMIZATION_LEVEL = 0;
				GCC_PREPROCESSOR_DEFINITIONS = (
					"DEBUG=1",
					"$(inherited)",
				);
				GCC_SYMBOLS_PRIVATE_EXTERN = NO;
				GCC_WARN_64_TO_32_BIT_CONVERSION = YES;
				GCC_WARN_ABOUT_RETURN_TYPE = YES_ERROR;
				GCC_WARN_UNDECLARED_SELECTOR = YES;
				GCC_WARN_UNINITIALIZED_AUTOS = YES_AGGRESSIVE;
				GCC_WARN_UNUSED_FUNCTION = YES;
				GCC_WARN_UNUSED_VARIABLE = YES;
				IPHONEOS_DEPLOYMENT_TARGET = 12.4;
				LD_RUNPATH_SEARCH_PATHS = (
					/usr/lib/swift,
					"$(inherited)",
				);
				LIBRARY_SEARCH_PATHS = (
					"\"$(SDKROOT)/usr/lib/swift\"",
					"\"$(TOOLCHAIN_DIR)/usr/lib/swift/$(PLATFORM_NAME)\"",
					"\"$(inherited)\"",
				);
				MTL_ENABLE_DEBUG_INFO = YES;
				ONLY_ACTIVE_ARCH = YES;
				OTHER_CPLUSPLUSFLAGS = (
					"$(OTHER_CFLAGS)",
					"-DFOLLY_NO_CONFIG",
					"-DFOLLY_MOBILE=1",
					"-DFOLLY_USE_LIBCPP=1",
				);
				SDKROOT = iphoneos;
			};
			name = Debug;
		};
		83CBBA211A601CBA00E9B192 /* Release */ = {
			isa = XCBuildConfiguration;
			buildSettings = {
				ALWAYS_SEARCH_USER_PATHS = NO;
				CLANG_ANALYZER_LOCALIZABILITY_NONLOCALIZED = YES;
				CLANG_CXX_LANGUAGE_STANDARD = "c++17";
				CLANG_CXX_LIBRARY = "libc++";
				CLANG_ENABLE_MODULES = YES;
				CLANG_ENABLE_OBJC_ARC = YES;
				CLANG_WARN_BLOCK_CAPTURE_AUTORELEASING = YES;
				CLANG_WARN_BOOL_CONVERSION = YES;
				CLANG_WARN_COMMA = YES;
				CLANG_WARN_CONSTANT_CONVERSION = YES;
				CLANG_WARN_DEPRECATED_OBJC_IMPLEMENTATIONS = YES;
				CLANG_WARN_DIRECT_OBJC_ISA_USAGE = YES_ERROR;
				CLANG_WARN_EMPTY_BODY = YES;
				CLANG_WARN_ENUM_CONVERSION = YES;
				CLANG_WARN_INFINITE_RECURSION = YES;
				CLANG_WARN_INT_CONVERSION = YES;
				CLANG_WARN_NON_LITERAL_NULL_CONVERSION = YES;
				CLANG_WARN_OBJC_IMPLICIT_RETAIN_SELF = YES;
				CLANG_WARN_OBJC_LITERAL_CONVERSION = YES;
				CLANG_WARN_OBJC_ROOT_CLASS = YES_ERROR;
				CLANG_WARN_QUOTED_INCLUDE_IN_FRAMEWORK_HEADER = YES;
				CLANG_WARN_RANGE_LOOP_ANALYSIS = YES;
				CLANG_WARN_STRICT_PROTOTYPES = YES;
				CLANG_WARN_SUSPICIOUS_MOVE = YES;
				CLANG_WARN_UNREACHABLE_CODE = YES;
				CLANG_WARN__DUPLICATE_METHOD_MATCH = YES;
				"CODE_SIGN_IDENTITY[sdk=iphoneos*]" = "iPhone Developer";
				COPY_PHASE_STRIP = YES;
				ENABLE_NS_ASSERTIONS = NO;
				ENABLE_STRICT_OBJC_MSGSEND = YES;
				"EXCLUDED_ARCHS[sdk=iphonesimulator*]" = "";
				GCC_C_LANGUAGE_STANDARD = gnu99;
				GCC_NO_COMMON_BLOCKS = YES;
				GCC_WARN_64_TO_32_BIT_CONVERSION = YES;
				GCC_WARN_ABOUT_RETURN_TYPE = YES_ERROR;
				GCC_WARN_UNDECLARED_SELECTOR = YES;
				GCC_WARN_UNINITIALIZED_AUTOS = YES_AGGRESSIVE;
				GCC_WARN_UNUSED_FUNCTION = YES;
				GCC_WARN_UNUSED_VARIABLE = YES;
				IPHONEOS_DEPLOYMENT_TARGET = 12.4;
				LD_RUNPATH_SEARCH_PATHS = (
					/usr/lib/swift,
					"$(inherited)",
				);
				LIBRARY_SEARCH_PATHS = (
					"\"$(SDKROOT)/usr/lib/swift\"",
					"\"$(TOOLCHAIN_DIR)/usr/lib/swift/$(PLATFORM_NAME)\"",
					"\"$(inherited)\"",
				);
				MTL_ENABLE_DEBUG_INFO = NO;
				OTHER_CPLUSPLUSFLAGS = (
					"$(OTHER_CFLAGS)",
					"-DFOLLY_NO_CONFIG",
					"-DFOLLY_MOBILE=1",
					"-DFOLLY_USE_LIBCPP=1",
				);
				SDKROOT = iphoneos;
				VALIDATE_PRODUCT = YES;
			};
			name = Release;
		};
/* End XCBuildConfiguration section */

/* Begin XCConfigurationList section */
		00E357021AD99517003FC87E /* Build configuration list for PBXNativeTarget "Brewhub_appTests" */ = {
			isa = XCConfigurationList;
			buildConfigurations = (
				00E356F61AD99517003FC87E /* Debug */,
				00E356F71AD99517003FC87E /* Release */,
			);
			defaultConfigurationIsVisible = 0;
			defaultConfigurationName = Release;
		};
		13B07F931A680F5B00A75B9A /* Build configuration list for PBXNativeTarget "Brewhub_app" */ = {
			isa = XCConfigurationList;
			buildConfigurations = (
				13B07F941A680F5B00A75B9A /* Debug */,
				13B07F951A680F5B00A75B9A /* Release */,
			);
			defaultConfigurationIsVisible = 0;
			defaultConfigurationName = Release;
		};
		83CBB9FA1A601CBA00E9B192 /* Build configuration list for PBXProject "Brewhub_app" */ = {
			isa = XCConfigurationList;
			buildConfigurations = (
				83CBBA201A601CBA00E9B192 /* Debug */,
				83CBBA211A601CBA00E9B192 /* Release */,
			);
			defaultConfigurationIsVisible = 0;
			defaultConfigurationName = Release;
		};
/* End XCConfigurationList section */
	};
	rootObject = 83CBB9F71A601CBA00E9B192 /* Project object */;
}
